# THIS IS AN AUTOGENERATED FILE. DO NOT EDIT THIS FILE DIRECTLY.
# yarn lockfile v1


atom-linter@^10.0.0:
  version "10.0.0"
  resolved "https://registry.yarnpkg.com/atom-linter/-/atom-linter-10.0.0.tgz#d27bb74e5f8f08a74a40beb29ee1a50d97543c89"
  integrity sha1-0nu3Tl+PCKdKQL6ynuGlDZdUPIk=
  dependencies:
    named-js-regexp "^1.3.1"
    sb-exec "^4.0.0"
    sb-promisify "^2.0.1"
    tmp "~0.0.28"

atom-package-deps@^4.6.0:
  version "4.6.2"
  resolved "https://registry.yarnpkg.com/atom-package-deps/-/atom-package-deps-4.6.2.tgz#9976ecd6d137bf8c8b24859edf319c2dd0e76b4d"
  integrity sha512-GOcCULZPzpcFfnHo9Oz5fT/EaArFHNs84E4rp/Nox0/GlS1UYkEF44FRdgD+7TxAudRfQAXE0a8wh0GealCXZg==
  dependencies:
    atom-package-path "^1.1.0"
    sb-fs "^3.0.0"
    semver "^5.3.0"

atom-package-path@^1.1.0:
  version "1.1.0"
  resolved "https://registry.yarnpkg.com/atom-package-path/-/atom-package-path-1.1.0.tgz#b51fedbc00e7c8ce5223d0d803db7a3f4f69614f"
  integrity sha1-tR/tvADnyM5SI9DYA9t6P09pYU8=
  dependencies:
    sb-callsite "^1.1.2"

consistent-env@^1.2.0:
  version "1.3.1"
  resolved "https://registry.yarnpkg.com/consistent-env/-/consistent-env-1.3.1.tgz#f68234d7c69fc6dd9656f8ae23429ce0499b65fb"
  integrity sha1-9oI018afxt2WVviuI0Kc4EmbZfs=
  dependencies:
    lodash.uniq "^4.5.0"

is-utf8@^0.2.1:
  version "0.2.1"
  resolved "https://registry.yarnpkg.com/is-utf8/-/is-utf8-0.2.1.tgz#4b0da1442104d1b336340e80797e865cf39f7d72"
  integrity sha1-Sw2hRCEE0bM2NA6AeX6GXPOffXI=

lodash.uniq@^4.5.0:
  version "4.5.0"
  resolved "https://registry.yarnpkg.com/lodash.uniq/-/lodash.uniq-4.5.0.tgz#d0225373aeb652adc1bc82e4945339a842754773"
  integrity sha1-0CJTc662Uq3BvILklFM5qEJ1R3M=

named-js-regexp@^1.3.1:
  version "1.3.5"
  resolved "https://registry.yarnpkg.com/named-js-regexp/-/named-js-regexp-1.3.5.tgz#d0da4d3c67259e9d10e85a2b4f35d6c949d69383"
  integrity sha512-XO0DPujDP9IWpkt690iWLreKztb/VB811DGl5N3z7BfhkMJuiVZXOi6YN/fEB9qkvtMVTgSZDW8pzdVt8vj/FA==

os-tmpdir@~1.0.2:
  version "1.0.2"
  resolved "https://registry.yarnpkg.com/os-tmpdir/-/os-tmpdir-1.0.2.tgz#bbe67406c79aa85c5cfec766fe5734555dfa1274"
  integrity sha1-u+Z0BseaqFxc/sdm/lc0VV36EnQ=

sb-callsite@^1.1.2:
  version "1.1.2"
  resolved "https://registry.yarnpkg.com/sb-callsite/-/sb-callsite-1.1.2.tgz#28191fb66d64e3a3ee92084a95a90fcb5102243b"
  integrity sha1-KBkftm1k46PukghKlakPy1ECJDs=

sb-exec@^4.0.0:
  version "4.0.0"
  resolved "https://registry.yarnpkg.com/sb-exec/-/sb-exec-4.0.0.tgz#46747f0df162626c16ebf0fea42245ad1aa859ca"
  integrity sha1-RnR/DfFiYmwW6/D+pCJFrRqoWco=
  dependencies:
    consistent-env "^1.2.0"
    lodash.uniq "^4.5.0"
    sb-npm-path "^2.0.0"

sb-fs@^3.0.0:
  version "3.0.0"
  resolved "https://registry.yarnpkg.com/sb-fs/-/sb-fs-3.0.0.tgz#fbdcdd3010e80a1b8e27490cef336064974203b8"
  integrity sha1-+9zdMBDoChuOJ0kM7zNgZJdCA7g=
  dependencies:
    sb-promisify "^2.0.1"
    strip-bom-buf "^1.0.0"

sb-memoize@^1.0.2:
  version "1.0.2"
  resolved "https://registry.yarnpkg.com/sb-memoize/-/sb-memoize-1.0.2.tgz#128375c62ddb9cc4ffa905d0c5a597c19baead8e"
  integrity sha1-EoN1xi3bnMT/qQXQxaWXwZuurY4=

sb-npm-path@^2.0.0:
  version "2.0.0"
  resolved "https://registry.yarnpkg.com/sb-npm-path/-/sb-npm-path-2.0.0.tgz#0f6cc2cf371debca7d936ed76b7d4c3cc1eb3d58"
  integrity sha1-D2zCzzcd68p9k27Xa31MPMHrPVg=
  dependencies:
    sb-memoize "^1.0.2"
    sb-promisify "^2.0.1"

sb-promisify@^2.0.1:
  version "2.0.2"
  resolved "https://registry.yarnpkg.com/sb-promisify/-/sb-promisify-2.0.2.tgz#4277a54754488aa9675d886e354db894c9bdc981"
  integrity sha1-QnelR1RIiqlnXYhuNU24lMm9yYE=

semver@^5.3.0:
  version "5.7.2"
  resolved "https://registry.yarnpkg.com/semver/-/semver-5.7.2.tgz#48d55db737c3287cd4835e17fa13feace1c41ef8"
  integrity sha512-cBznnQ9KjJqU67B52RMC65CMarK2600WFnbkcaiwWq3xy/5haFJlshgnpjovMVJ+Hff49d8GEn0b87C5pDQ10g==

strip-bom-buf@^1.0.0:
  version "1.0.0"
  resolved "https://registry.yarnpkg.com/strip-bom-buf/-/strip-bom-buf-1.0.0.tgz#1cb45aaf57530f4caf86c7f75179d2c9a51dd572"
  integrity sha1-HLRar1dTD0yvhsf3UXnSyaUd1XI=
  dependencies:
    is-utf8 "^0.2.1"

tmp@~0.0.28:
  version "0.0.33"
  resolved "https://registry.yarnpkg.com/tmp/-/tmp-0.0.33.tgz#6d34335889768d21b2bcda0aa277ced3b1bfadf9"
  integrity sha512-jRCJlojKnZ3addtTOjdIqoRuPEKBvNXcGYqzO6zWZX8KfKEpnGY5jfggJQ3EjKuu8D4bJRr0y+cYJFmYbImXGw==
  dependencies:
    os-tmpdir "~1.0.2"
